
Microsoft Visual Studio Solution File, Format Version 12.00
# Visual Studio Version 17
VisualStudioVersion = 17.14.36915.13
MinimumVisualStudioVersion = 10.0.40219.1
Project("{9A19103F-16F7-4668-BE54-9A1E7A4F7556}") = "UORespawnApp", "UORespawnApp\UORespawnApp.csproj", "{DD5FE225-C006-4595-9F2C-68F14DD0D11B}"
EndProject
Project("{FAE04EC0-301F-11D3-BF4B-00C04F79EFBC}") = "UORespawnApp.Linux", "UORespawnApp.Linux\UORespawnApp.Linux.csproj", "{D180463B-E109-4A78-9FC4-97B1F5DE67DD}"
EndProject
Global
	GlobalSection(SolutionConfigurationPlatforms) = preSolution
		Debug|Any CPU = Debug|Any CPU
		Debug|x64 = Debug|x64
		Debug|x86 = Debug|x86
		Release|Any CPU = Release|Any CPU
		Release|x64 = Release|x64
		Release|x86 = Release|x86
	EndGlobalSection
	GlobalSection(ProjectConfigurationPlatforms) = postSolution
		{DD5FE225-C006-4595-9F2C-68F14DD0D11B}.Debug|Any CPU.ActiveCfg = Debug|Any CPU
		{DD5FE225-C006-4595-9F2C-68F14DD0D11B}.Debug|Any CPU.Build.0 = Debug|Any CPU
		{DD5FE225-C006-4595-9F2C-68F14DD0D11B}.Debug|x64.ActiveCfg = Debug|Any CPU
		{DD5FE225-C006-4595-9F2C-68F14DD0D11B}.Debug|x64.Build.0 = Debug|Any CPU
		{DD5FE225-C006-4595-9F2C-68F14DD0D11B}.Debug|x86.ActiveCfg = Debug|Any CPU
		{DD5FE225-C006-4595-9F2C-68F14DD0D11B}.Debug|x86.Build.0 = Debug|Any CPU
		{DD5FE225-C006-4595-9F2C-68F14DD0D11B}.Release|Any CPU.ActiveCfg = Release|Any CPU
		{DD5FE225-C006-4595-9F2C-68F14DD0D11B}.Release|Any CPU.Build.0 = Release|Any CPU
		{DD5FE225-C006-4595-9F2C-68F14DD0D11B}.Release|x64.ActiveCfg = Release|Any CPU
		{DD5FE225-C006-4595-9F2C-68F14DD0D11B}.Release|x64.Build.0 = Release|Any CPU
		{DD5FE225-C006-4595-9F2C-68F14DD0D11B}.Release|x86.ActiveCfg = Release|Any CPU
		{DD5FE225-C006-4595-9F2C-68F14DD0D11B}.Release|x86.Build.0 = Release|Any CPU
		{D180463B-E109-4A78-9FC4-97B1F5DE67DD}.Debug|Any CPU.ActiveCfg = Debug|Any CPU
		{D180463B-E109-4A78-9FC4-97B1F5DE67DD}.Debug|Any CPU.Build.0 = Debug|Any CPU
		{D180463B-E109-4A78-9FC4-97B1F5DE67DD}.Debug|x64.ActiveCfg = Debug|Any CPU
		{D180463B-E109-4A78-9FC4-97B1F5DE67DD}.Debug|x64.Build.0 = Debug|Any CPU
		{D180463B-E109-4A78-9FC4-97B1F5DE67DD}.Debug|x86.ActiveCfg = Debug|Any CPU
		{D180463B-E109-4A78-9FC4-97B1F5DE67DD}.Debug|x86.Build.0 = Debug|Any CPU
		{D180463B-E109-4A78-9FC4-97B1F5DE67DD}.Release|Any CPU.ActiveCfg = Release|Any CPU
		{D180463B-E109-4A78-9FC4-97B1F5DE67DD}.Release|Any CPU.Build.0 = Release|Any CPU
		{D180463B-E109-4A78-9FC4-97B1F5DE67DD}.Release|x64.ActiveCfg = Release|Any CPU
		{D180463B-E109-4A78-9FC4-97B1F5DE67DD}.Release|x64.Build.0 = Release|Any CPU
		{D180463B-E109-4A78-9FC4-97B1F5DE67DD}.Release|x86.ActiveCfg = Release|Any CPU
		{D180463B-E109-4A78-9FC4-97B1F5DE67DD}.Release|x86.Build.0 = Release|Any CPU
	EndGlobalSection
	GlobalSection(SolutionProperties) = preSolution
		HideSolutionNode = FALSE
	EndGlobalSection
	GlobalSection(ExtensibilityGlobals) = postSolution
		SolutionGuid = {1241F4FC-2ACB-4AB7-B175-075D15B21900}
	EndGlobalSection
EndGlobal
